
Microsoft Visual Studio Solution File, Format Version 12.00
# Visual Studio Version 17
VisualStudioVersion = 17.1.32210.238
MinimumVisualStudioVersion = 10.0.40219.1
Project("{E53339B2-1760-4266-BCC7-CA923CBCF16C}") = "docker-compose", "docker-compose.dcproj", "{A79613ED-7CA9-485D-866B-B5B9362D65B7}"
EndProject
Project("{2150E333-8FDC-42A3-9474-1A3956D46DE8}") = "_scripts", "_scripts", "{EF2AEBB3-576D-4C47-877F-F6F4A1E0C19C}"
	ProjectSection(SolutionItems) = preProject
		_scripts\ssl.sh = _scripts\ssl.sh
	EndProjectSection
EndProject
Project("{2150E333-8FDC-42A3-9474-1A3956D46DE8}") = "Services", "Services", "{CD9021A8-279A-48DB-A731-5202FB63EB72}"
EndProject
Project("{2150E333-8FDC-42A3-9474-1A3956D46DE8}") = "Infrastructure", "Infrastructure", "{83B4411C-FDFE-414A-8041-2506E2C617A1}"
EndProject
Project("{9A19103F-16F7-4668-BE54-9A1E7A4F7556}") = "IdentityServer", "Infrastructure\IdentityServer\IdentityServer.csproj", "{302160FF-612B-4E55-9F17-7A211C842179}"
EndProject
Project("{9A19103F-16F7-4668-BE54-9A1E7A4F7556}") = "IndexTableMiddleware", "Infrastructure\IndexTableMiddleware\IndexTableMiddleware.csproj", "{52F2B175-7F05-46C3-A23D-373C0F083EE1}"
EndProject
Project("{9A19103F-16F7-4668-BE54-9A1E7A4F7556}") = "EndpointQueryService", "Services\EndpointQueryService\EndpointQueryService.csproj", "{E53302B3-25A4-40E2-A79B-279D25669C7E}"
EndProject
Project("{9A19103F-16F7-4668-BE54-9A1E7A4F7556}") = "EndpointQueryService.Tests", "Services\EndpointQueryService.Tests\EndpointQueryService.Tests.csproj", "{9E3219EB-5DED-4CAB-889B-1CCE78DA6CF3}"
EndProject
Project("{2150E333-8FDC-42A3-9474-1A3956D46DE8}") = "Applications", "Applications", "{453A6935-A4BA-45C5-A1E3-761DC860B535}"
EndProject
Project("{2150E333-8FDC-42A3-9474-1A3956D46DE8}") = "Functions", "Functions", "{6CC7923E-3F2D-457B-90E8-0ADE7B3FE886}"
	ProjectSection(SolutionItems) = preProject
		Functions\firebase_dockerfile = Functions\firebase_dockerfile
	EndProjectSection
EndProject
Project("{2150E333-8FDC-42A3-9474-1A3956D46DE8}") = "Firebase", "Firebase", "{3B246BEC-4B66-4144-B470-32F48EE35552}"
EndProject
Project("{9A19103F-16F7-4668-BE54-9A1E7A4F7556}") = "Admin.Backend", "Services\Admin.Backend\Admin.Backend.csproj", "{08F9E944-A697-4422-AAF8-83F453D5A133}"
EndProject
Project("{2150E333-8FDC-42A3-9474-1A3956D46DE8}") = "Common", "Common", "{F4B7E4CA-71E4-4BC7-BDC3-17BD62F9E05F}"
EndProject
Project("{2150E333-8FDC-42A3-9474-1A3956D46DE8}") = "submodules", "submodules", "{D1B4F48A-DDAF-4806-AB47-96DC55C8A353}"
EndProject
Project("{2150E333-8FDC-42A3-9474-1A3956D46DE8}") = "anyservice", "anyservice", "{0EDC31C3-629A-4953-9C2E-949AAB045C1F}"
EndProject
Project("{9A19103F-16F7-4668-BE54-9A1E7A4F7556}") = "AnyService", "..\submodules\anyservice\src\AnyService\AnyService.csproj", "{87CB001D-1815-47DB-93F3-BA28861EEA3A}"
EndProject
Project("{9A19103F-16F7-4668-BE54-9A1E7A4F7556}") = "AnyService.Core", "..\submodules\anyservice\src\AnyService.Core\AnyService.Core.csproj", "{905308F1-FEC3-4CDE-84E9-F3D8190F001E}"
EndProject
Project("{9A19103F-16F7-4668-BE54-9A1E7A4F7556}") = "AnyService.Utilities", "..\submodules\anyservice\src\AnyService.Utilities\AnyService.Utilities.csproj", "{D9DC593B-CB52-4CC3-AEEB-0D8A550E5C61}"
EndProject
Project("{9A19103F-16F7-4668-BE54-9A1E7A4F7556}") = "AnyService.Events.RabbitMQ", "..\submodules\anyservice\src\AnyServiceModules\AnyService.Events.RabbitMQ\AnyService.Events.RabbitMQ.csproj", "{511A121F-7BA8-45E4-B4BC-89C24A35A519}"
EndProject
Project("{9A19103F-16F7-4668-BE54-9A1E7A4F7556}") = "AnyService.Tests", "..\submodules\anyservice\src\AnyService.Tests\AnyService.Tests.csproj", "{6DD04EE0-FF7E-42AB-94EB-C0131F20DE73}"
EndProject
Project("{9A19103F-16F7-4668-BE54-9A1E7A4F7556}") = "AnyService.Core.Tests", "..\submodules\anyservice\src\AnyService.Core.Tests\AnyService.Core.Tests.csproj", "{8019FAF0-400F-4AE9-BCE5-22069D4DE89C}"
EndProject
Project("{9A19103F-16F7-4668-BE54-9A1E7A4F7556}") = "AnyService.E2E", "..\submodules\anyservice\src\AnyService.E2E\AnyService.E2E.csproj", "{097B1251-8F3B-43A7-9B12-FF58564273D7}"
EndProject
Project("{9A19103F-16F7-4668-BE54-9A1E7A4F7556}") = "AnyService.SampleApp", "..\submodules\anyservice\src\AnyService.SampleApp\AnyService.SampleApp.csproj", "{DFE081E6-EAE7-4381-BB1C-9B1CA6E310B3}"
EndProject
Project("{9A19103F-16F7-4668-BE54-9A1E7A4F7556}") = "AnyService.Utilities.Tests", "..\submodules\anyservice\src\AnyService.Utilities.Tests\AnyService.Utilities.Tests.csproj", "{D8DF856A-B047-4DB2-BC87-824637843618}"
EndProject
Project("{9A19103F-16F7-4668-BE54-9A1E7A4F7556}") = "AnyService.Events.RabbitMQ.Tests", "..\submodules\anyservice\src\AnyServiceModules\AnyService.Events.RabbitMQ.Tests\AnyService.Events.RabbitMQ.Tests.csproj", "{36D68846-3749-49AE-9A72-9E1D17514CBE}"
EndProject
Project("{9A19103F-16F7-4668-BE54-9A1E7A4F7556}") = "AnyService.EasyCaching", "..\submodules\anyservice\src\AnyServiceModules\EasyCaching\AnyService.EasyCaching\AnyService.EasyCaching.csproj", "{D63691FC-B53A-4D10-886B-5D5D1345C9B5}"
EndProject
Project("{9A19103F-16F7-4668-BE54-9A1E7A4F7556}") = "AnyService.EasyCaching.Tests", "..\submodules\anyservice\src\AnyServiceModules\EasyCaching\AnyService.EasyCaching.Tests\AnyService.EasyCaching.Tests.csproj", "{5927CF28-C369-424F-97F4-894EEDA0287C}"
EndProject
Project("{9A19103F-16F7-4668-BE54-9A1E7A4F7556}") = "AnyService.EntityFramework", "..\submodules\anyservice\src\AnyServiceModules\EntityFramework\AnyService.EntityFramework\AnyService.EntityFramework.csproj", "{A13A1468-FBC1-47FA-A1A9-4339E40F709C}"
EndProject
Global
	GlobalSection(SolutionConfigurationPlatforms) = preSolution
		Debug|Any CPU = Debug|Any CPU
		Release|Any CPU = Release|Any CPU
	EndGlobalSection
	GlobalSection(ProjectConfigurationPlatforms) = postSolution
		{A79613ED-7CA9-485D-866B-B5B9362D65B7}.Debug|Any CPU.ActiveCfg = Debug|Any CPU
		{A79613ED-7CA9-485D-866B-B5B9362D65B7}.Debug|Any CPU.Build.0 = Debug|Any CPU
		{A79613ED-7CA9-485D-866B-B5B9362D65B7}.Release|Any CPU.ActiveCfg = Release|Any CPU
		{A79613ED-7CA9-485D-866B-B5B9362D65B7}.Release|Any CPU.Build.0 = Release|Any CPU
		{302160FF-612B-4E55-9F17-7A211C842179}.Debug|Any CPU.ActiveCfg = Debug|Any CPU
		{302160FF-612B-4E55-9F17-7A211C842179}.Debug|Any CPU.Build.0 = Debug|Any CPU
		{302160FF-612B-4E55-9F17-7A211C842179}.Release|Any CPU.ActiveCfg = Release|Any CPU
		{302160FF-612B-4E55-9F17-7A211C842179}.Release|Any CPU.Build.0 = Release|Any CPU
		{52F2B175-7F05-46C3-A23D-373C0F083EE1}.Debug|Any CPU.ActiveCfg = Debug|Any CPU
		{52F2B175-7F05-46C3-A23D-373C0F083EE1}.Debug|Any CPU.Build.0 = Debug|Any CPU
		{52F2B175-7F05-46C3-A23D-373C0F083EE1}.Release|Any CPU.ActiveCfg = Release|Any CPU
		{52F2B175-7F05-46C3-A23D-373C0F083EE1}.Release|Any CPU.Build.0 = Release|Any CPU
		{E53302B3-25A4-40E2-A79B-279D25669C7E}.Debug|Any CPU.ActiveCfg = Debug|Any CPU
		{E53302B3-25A4-40E2-A79B-279D25669C7E}.Debug|Any CPU.Build.0 = Debug|Any CPU
		{E53302B3-25A4-40E2-A79B-279D25669C7E}.Release|Any CPU.ActiveCfg = Release|Any CPU
		{E53302B3-25A4-40E2-A79B-279D25669C7E}.Release|Any CPU.Build.0 = Release|Any CPU
		{9E3219EB-5DED-4CAB-889B-1CCE78DA6CF3}.Debug|Any CPU.ActiveCfg = Debug|Any CPU
		{9E3219EB-5DED-4CAB-889B-1CCE78DA6CF3}.Debug|Any CPU.Build.0 = Debug|Any CPU
		{9E3219EB-5DED-4CAB-889B-1CCE78DA6CF3}.Release|Any CPU.ActiveCfg = Release|Any CPU
		{9E3219EB-5DED-4CAB-889B-1CCE78DA6CF3}.Release|Any CPU.Build.0 = Release|Any CPU
		{08F9E944-A697-4422-AAF8-83F453D5A133}.Debug|Any CPU.ActiveCfg = Debug|Any CPU
		{08F9E944-A697-4422-AAF8-83F453D5A133}.Debug|Any CPU.Build.0 = Debug|Any CPU
		{08F9E944-A697-4422-AAF8-83F453D5A133}.Release|Any CPU.ActiveCfg = Release|Any CPU
		{08F9E944-A697-4422-AAF8-83F453D5A133}.Release|Any CPU.Build.0 = Release|Any CPU
		{87CB001D-1815-47DB-93F3-BA28861EEA3A}.Debug|Any CPU.ActiveCfg = Debug|Any CPU
		{87CB001D-1815-47DB-93F3-BA28861EEA3A}.Debug|Any CPU.Build.0 = Debug|Any CPU
		{87CB001D-1815-47DB-93F3-BA28861EEA3A}.Release|Any CPU.ActiveCfg = Release|Any CPU
		{87CB001D-1815-47DB-93F3-BA28861EEA3A}.Release|Any CPU.Build.0 = Release|Any CPU
		{905308F1-FEC3-4CDE-84E9-F3D8190F001E}.Debug|Any CPU.ActiveCfg = Debug|Any CPU
		{905308F1-FEC3-4CDE-84E9-F3D8190F001E}.Debug|Any CPU.Build.0 = Debug|Any CPU
		{905308F1-FEC3-4CDE-84E9-F3D8190F001E}.Release|Any CPU.ActiveCfg = Release|Any CPU
		{905308F1-FEC3-4CDE-84E9-F3D8190F001E}.Release|Any CPU.Build.0 = Release|Any CPU
		{D9DC593B-CB52-4CC3-AEEB-0D8A550E5C61}.Debug|Any CPU.ActiveCfg = Debug|Any CPU
		{D9DC593B-CB52-4CC3-AEEB-0D8A550E5C61}.Debug|Any CPU.Build.0 = Debug|Any CPU
		{D9DC593B-CB52-4CC3-AEEB-0D8A550E5C61}.Release|Any CPU.ActiveCfg = Release|Any CPU
		{D9DC593B-CB52-4CC3-AEEB-0D8A550E5C61}.Release|Any CPU.Build.0 = Release|Any CPU
		{511A121F-7BA8-45E4-B4BC-89C24A35A519}.Debug|Any CPU.ActiveCfg = Debug|Any CPU
		{511A121F-7BA8-45E4-B4BC-89C24A35A519}.Debug|Any CPU.Build.0 = Debug|Any CPU
		{511A121F-7BA8-45E4-B4BC-89C24A35A519}.Release|Any CPU.ActiveCfg = Release|Any CPU
		{511A121F-7BA8-45E4-B4BC-89C24A35A519}.Release|Any CPU.Build.0 = Release|Any CPU
		{6DD04EE0-FF7E-42AB-94EB-C0131F20DE73}.Debug|Any CPU.ActiveCfg = Debug|Any CPU
		{6DD04EE0-FF7E-42AB-94EB-C0131F20DE73}.Debug|Any CPU.Build.0 = Debug|Any CPU
		{6DD04EE0-FF7E-42AB-94EB-C0131F20DE73}.Release|Any CPU.ActiveCfg = Release|Any CPU
		{6DD04EE0-FF7E-42AB-94EB-C0131F20DE73}.Release|Any CPU.Build.0 = Release|Any CPU
		{8019FAF0-400F-4AE9-BCE5-22069D4DE89C}.Debug|Any CPU.ActiveCfg = Debug|Any CPU
		{8019FAF0-400F-4AE9-BCE5-22069D4DE89C}.Debug|Any CPU.Build.0 = Debug|Any CPU
		{8019FAF0-400F-4AE9-BCE5-22069D4DE89C}.Release|Any CPU.ActiveCfg = Release|Any CPU
		{8019FAF0-400F-4AE9-BCE5-22069D4DE89C}.Release|Any CPU.Build.0 = Release|Any CPU
		{097B1251-8F3B-43A7-9B12-FF58564273D7}.Debug|Any CPU.ActiveCfg = Debug|Any CPU
		{097B1251-8F3B-43A7-9B12-FF58564273D7}.Debug|Any CPU.Build.0 = Debug|Any CPU
		{097B1251-8F3B-43A7-9B12-FF58564273D7}.Release|Any CPU.ActiveCfg = Release|Any CPU
		{097B1251-8F3B-43A7-9B12-FF58564273D7}.Release|Any CPU.Build.0 = Release|Any CPU
		{DFE081E6-EAE7-4381-BB1C-9B1CA6E310B3}.Debug|Any CPU.ActiveCfg = Debug|Any CPU
		{DFE081E6-EAE7-4381-BB1C-9B1CA6E310B3}.Debug|Any CPU.Build.0 = Debug|Any CPU
		{DFE081E6-EAE7-4381-BB1C-9B1CA6E310B3}.Release|Any CPU.ActiveCfg = Release|Any CPU
		{DFE081E6-EAE7-4381-BB1C-9B1CA6E310B3}.Release|Any CPU.Build.0 = Release|Any CPU
		{D8DF856A-B047-4DB2-BC87-824637843618}.Debug|Any CPU.ActiveCfg = Debug|Any CPU
		{D8DF856A-B047-4DB2-BC87-824637843618}.Debug|Any CPU.Build.0 = Debug|Any CPU
		{D8DF856A-B047-4DB2-BC87-824637843618}.Release|Any CPU.ActiveCfg = Release|Any CPU
		{D8DF856A-B047-4DB2-BC87-824637843618}.Release|Any CPU.Build.0 = Release|Any CPU
		{36D68846-3749-49AE-9A72-9E1D17514CBE}.Debug|Any CPU.ActiveCfg = Debug|Any CPU
		{36D68846-3749-49AE-9A72-9E1D17514CBE}.Debug|Any CPU.Build.0 = Debug|Any CPU
		{36D68846-3749-49AE-9A72-9E1D17514CBE}.Release|Any CPU.ActiveCfg = Release|Any CPU
		{36D68846-3749-49AE-9A72-9E1D17514CBE}.Release|Any CPU.Build.0 = Release|Any CPU
		{D63691FC-B53A-4D10-886B-5D5D1345C9B5}.Debug|Any CPU.ActiveCfg = Debug|Any CPU
		{D63691FC-B53A-4D10-886B-5D5D1345C9B5}.Debug|Any CPU.Build.0 = Debug|Any CPU
		{D63691FC-B53A-4D10-886B-5D5D1345C9B5}.Release|Any CPU.ActiveCfg = Release|Any CPU
		{D63691FC-B53A-4D10-886B-5D5D1345C9B5}.Release|Any CPU.Build.0 = Release|Any CPU
		{5927CF28-C369-424F-97F4-894EEDA0287C}.Debug|Any CPU.ActiveCfg = Debug|Any CPU
		{5927CF28-C369-424F-97F4-894EEDA0287C}.Debug|Any CPU.Build.0 = Debug|Any CPU
		{5927CF28-C369-424F-97F4-894EEDA0287C}.Release|Any CPU.ActiveCfg = Release|Any CPU
		{5927CF28-C369-424F-97F4-894EEDA0287C}.Release|Any CPU.Build.0 = Release|Any CPU
		{A13A1468-FBC1-47FA-A1A9-4339E40F709C}.Debug|Any CPU.ActiveCfg = Debug|Any CPU
		{A13A1468-FBC1-47FA-A1A9-4339E40F709C}.Debug|Any CPU.Build.0 = Debug|Any CPU
		{A13A1468-FBC1-47FA-A1A9-4339E40F709C}.Release|Any CPU.ActiveCfg = Release|Any CPU
		{A13A1468-FBC1-47FA-A1A9-4339E40F709C}.Release|Any CPU.Build.0 = Release|Any CPU
	EndGlobalSection
	GlobalSection(SolutionProperties) = preSolution
		HideSolutionNode = FALSE
	EndGlobalSection
	GlobalSection(NestedProjects) = preSolution
		{302160FF-612B-4E55-9F17-7A211C842179} = {83B4411C-FDFE-414A-8041-2506E2C617A1}
		{52F2B175-7F05-46C3-A23D-373C0F083EE1} = {83B4411C-FDFE-414A-8041-2506E2C617A1}
		{E53302B3-25A4-40E2-A79B-279D25669C7E} = {CD9021A8-279A-48DB-A731-5202FB63EB72}
		{9E3219EB-5DED-4CAB-889B-1CCE78DA6CF3} = {CD9021A8-279A-48DB-A731-5202FB63EB72}
		{3B246BEC-4B66-4144-B470-32F48EE35552} = {6CC7923E-3F2D-457B-90E8-0ADE7B3FE886}
		{08F9E944-A697-4422-AAF8-83F453D5A133} = {CD9021A8-279A-48DB-A731-5202FB63EB72}
		{0EDC31C3-629A-4953-9C2E-949AAB045C1F} = {D1B4F48A-DDAF-4806-AB47-96DC55C8A353}
		{87CB001D-1815-47DB-93F3-BA28861EEA3A} = {0EDC31C3-629A-4953-9C2E-949AAB045C1F}
		{905308F1-FEC3-4CDE-84E9-F3D8190F001E} = {0EDC31C3-629A-4953-9C2E-949AAB045C1F}
		{D9DC593B-CB52-4CC3-AEEB-0D8A550E5C61} = {0EDC31C3-629A-4953-9C2E-949AAB045C1F}
		{511A121F-7BA8-45E4-B4BC-89C24A35A519} = {0EDC31C3-629A-4953-9C2E-949AAB045C1F}
		{6DD04EE0-FF7E-42AB-94EB-C0131F20DE73} = {0EDC31C3-629A-4953-9C2E-949AAB045C1F}
		{8019FAF0-400F-4AE9-BCE5-22069D4DE89C} = {0EDC31C3-629A-4953-9C2E-949AAB045C1F}
		{097B1251-8F3B-43A7-9B12-FF58564273D7} = {0EDC31C3-629A-4953-9C2E-949AAB045C1F}
		{DFE081E6-EAE7-4381-BB1C-9B1CA6E310B3} = {0EDC31C3-629A-4953-9C2E-949AAB045C1F}
		{D8DF856A-B047-4DB2-BC87-824637843618} = {0EDC31C3-629A-4953-9C2E-949AAB045C1F}
		{36D68846-3749-49AE-9A72-9E1D17514CBE} = {0EDC31C3-629A-4953-9C2E-949AAB045C1F}
		{D63691FC-B53A-4D10-886B-5D5D1345C9B5} = {0EDC31C3-629A-4953-9C2E-949AAB045C1F}
		{5927CF28-C369-424F-97F4-894EEDA0287C} = {0EDC31C3-629A-4953-9C2E-949AAB045C1F}
		{A13A1468-FBC1-47FA-A1A9-4339E40F709C} = {0EDC31C3-629A-4953-9C2E-949AAB045C1F}
	EndGlobalSection
	GlobalSection(ExtensibilityGlobals) = postSolution
		SolutionGuid = {19137789-CCA3-49D4-861D-AF05D57D7E24}
	EndGlobalSection
EndGlobal
